
Microsoft Visual Studio Solution File, Format Version 12.00
# Visual Studio Version 16
VisualStudioVersion = 16.0.30611.23
MinimumVisualStudioVersion = 10.0.40219.1
Project("{8BC9CEB8-8B4A-11D0-8D11-00A0C91BC942}") = "viperfish", "viperfish.vcxproj", "{58BF0089-1974-413E-A79B-D48970D3AE23}"
	ProjectSection(ProjectDependencies) = postProject
		{1CC0D62B-CC61-4966-9DEC-AE18076C1061} = {1CC0D62B-CC61-4966-9DEC-AE18076C1061}
	EndProjectSection
EndProject
Project("{8BC9CEB8-8B4A-11D0-8D11-00A0C91BC942}") = "fluxions-gte", "fluxions-gte\fluxions-gte.vcxproj", "{0C42445E-96F1-4ED0-B14A-121460A0789A}"
EndProject
Project("{8BC9CEB8-8B4A-11D0-8D11-00A0C91BC942}") = "hatchetfish", "hatchetfish\hatchetfish.vcxproj", "{E385FD9F-1950-481E-B757-F4908D7141CA}"
EndProject
Project("{8BC9CEB8-8B4A-11D0-8D11-00A0C91BC942}") = "fluxions-base", "fluxions-base\fluxions-base.vcxproj", "{1CC0D62B-CC61-4966-9DEC-AE18076C1061}"
	ProjectSection(ProjectDependencies) = postProject
		{0C42445E-96F1-4ED0-B14A-121460A0789A} = {0C42445E-96F1-4ED0-B14A-121460A0789A}
		{E385FD9F-1950-481E-B757-F4908D7141CA} = {E385FD9F-1950-481E-B757-F4908D7141CA}
	EndProjectSection
EndProject
Global
	GlobalSection(SolutionConfigurationPlatforms) = preSolution
		Debug|x64 = Debug|x64
		Debug|x86 = Debug|x86
		Release|x64 = Release|x64
		Release|x86 = Release|x86
	EndGlobalSection
	GlobalSection(ProjectConfigurationPlatforms) = postSolution
		{58BF0089-1974-413E-A79B-D48970D3AE23}.Debug|x64.ActiveCfg = Debug|x64
		{58BF0089-1974-413E-A79B-D48970D3AE23}.Debug|x64.Build.0 = Debug|x64
		{58BF0089-1974-413E-A79B-D48970D3AE23}.Debug|x86.ActiveCfg = Debug|x64
		{58BF0089-1974-413E-A79B-D48970D3AE23}.Debug|x86.Build.0 = Debug|x64
		{58BF0089-1974-413E-A79B-D48970D3AE23}.Release|x64.ActiveCfg = Release|x64
		{58BF0089-1974-413E-A79B-D48970D3AE23}.Release|x64.Build.0 = Release|x64
		{58BF0089-1974-413E-A79B-D48970D3AE23}.Release|x86.ActiveCfg = Release|x64
		{0C42445E-96F1-4ED0-B14A-121460A0789A}.Debug|x64.ActiveCfg = Debug|x64
		{0C42445E-96F1-4ED0-B14A-121460A0789A}.Debug|x64.Build.0 = Debug|x64
		{0C42445E-96F1-4ED0-B14A-121460A0789A}.Debug|x86.ActiveCfg = Debug|x64
		{0C42445E-96F1-4ED0-B14A-121460A0789A}.Release|x64.ActiveCfg = Release|x64
		{0C42445E-96F1-4ED0-B14A-121460A0789A}.Release|x64.Build.0 = Release|x64
		{0C42445E-96F1-4ED0-B14A-121460A0789A}.Release|x86.ActiveCfg = Release|x64
		{E385FD9F-1950-481E-B757-F4908D7141CA}.Debug|x64.ActiveCfg = Debug|x64
		{E385FD9F-1950-481E-B757-F4908D7141CA}.Debug|x64.Build.0 = Debug|x64
		{E385FD9F-1950-481E-B757-F4908D7141CA}.Debug|x86.ActiveCfg = Debug|x64
		{E385FD9F-1950-481E-B757-F4908D7141CA}.Release|x64.ActiveCfg = Release|x64
		{E385FD9F-1950-481E-B757-F4908D7141CA}.Release|x64.Build.0 = Release|x64
		{E385FD9F-1950-481E-B757-F4908D7141CA}.Release|x86.ActiveCfg = Release|x64
		{1CC0D62B-CC61-4966-9DEC-AE18076C1061}.Debug|x64.ActiveCfg = Debug|x64
		{1CC0D62B-CC61-4966-9DEC-AE18076C1061}.Debug|x64.Build.0 = Debug|x64
		{1CC0D62B-CC61-4966-9DEC-AE18076C1061}.Debug|x86.ActiveCfg = Debug|x64
		{1CC0D62B-CC61-4966-9DEC-AE18076C1061}.Release|x64.ActiveCfg = Release|x64
		{1CC0D62B-CC61-4966-9DEC-AE18076C1061}.Release|x64.Build.0 = Release|x64
		{1CC0D62B-CC61-4966-9DEC-AE18076C1061}.Release|x86.ActiveCfg = Release|x64
	EndGlobalSection
	GlobalSection(SolutionProperties) = preSolution
		HideSolutionNode = FALSE
	EndGlobalSection
	GlobalSection(ExtensibilityGlobals) = postSolution
		SolutionGuid = {D7F414D0-E1DA-4AC0-8E8C-D36334BABFF3}
	EndGlobalSection
EndGlobal
